Microsoft Visual Studio Solution File, Format Version 12.00
# Visual Studio 15
VisualStudioVersion = 15.0.27004.2002
MinimumVisualStudioVersion = 10.0.40219.1
Project("{FAE04EC0-301F-11D3-BF4B-00C04F79EFBC}") = "DocumentOperationServiceSample", "CustomDocumentOperationService\DocumentOperationServiceSample.csproj", "{32DDAD4E-1696-47C8-A9DC-88C8A57588E1}"
EndProject
Global
	GlobalSection(SolutionConfigurationPlatforms) = preSolution
		Debug|Any CPU = Debug|Any CPU
		Release|Any CPU = Release|Any CPU
	EndGlobalSection
	GlobalSection(ProjectConfigurationPlatforms) = postSolution
		{32DDAD4E-1696-47C8-A9DC-88C8A57588E1}.Debug|Any CPU.ActiveCfg = Debug|Any CPU
		{32DDAD4E-1696-47C8-A9DC-88C8A57588E1}.Debug|Any CPU.Build.0 = Debug|Any CPU
		{32DDAD4E-1696-47C8-A9DC-88C8A57588E1}.Release|Any CPU.ActiveCfg = Release|Any CPU
		{32DDAD4E-1696-47C8-A9DC-88C8A57588E1}.Release|Any CPU.Build.0 = Release|Any CPU
	EndGlobalSection
	GlobalSection(SolutionProperties) = preSolution
		HideSolutionNode = FALSE
	EndGlobalSection
	GlobalSection(ExtensibilityGlobals) = postSolution
		SolutionGuid = {5107D1D0-BF91-4F04-AC03-9477321DB7B4}
	EndGlobalSection
EndGlobal
